{
    "version": 3,
    "terraform_version": "0.11.3",
    "serial": 3,
    "lineage": "4878f9df-14aa-4523-9c7a-5ef4082b64de",
    "modules": [
        {
            "path": [
                "root"
            ],
            "outputs": {},
            "resources": {
                "aws_eip.forNat": {
                    "type": "aws_eip",
                    "depends_on": [],
                    "primary": {
                        "id": "eipalloc-e68bbbc8",
                        "attributes": {
                            "association_id": "",
                            "domain": "vpc",
                            "id": "eipalloc-e68bbbc8",
                            "instance": "",
                            "network_interface": "",
                            "private_ip": "",
                            "public_ip": "13.58.255.120",
                            "tags.%": "0",
                            "vpc": "true"
                        },
                        "meta": {},
                        "tainted": false
                    },
                    "deposed": [],
                    "provider": "provider.aws"
                },
                "aws_internet_gateway.gw": {
                    "type": "aws_internet_gateway",
                    "depends_on": [
                        "aws_vpc.terraformmain"
                    ],
                    "primary": {
                        "id": "igw-53f0fd3a",
                        "attributes": {
                            "id": "igw-53f0fd3a",
                            "tags.%": "1",
                            "tags.Name": "internet gw terraform generated",
                            "vpc_id": "vpc-275dea4f"
                        },
                        "meta": {},
                        "tainted": false
                    },
                    "deposed": [],
                    "provider": "provider.aws"
                },
                "aws_vpc.terraformmain": {
                    "type": "aws_vpc",
                    "depends_on": [],
                    "primary": {
                        "id": "vpc-275dea4f",
                        "attributes": {
                            "assign_generated_ipv6_cidr_block": "false",
                            "cidr_block": "10.0.0.0/16",
                            "default_network_acl_id": "acl-e581148d",
                            "default_route_table_id": "rtb-dc2a48b4",
                            "default_security_group_id": "sg-1613a27d",
                            "dhcp_options_id": "dopt-b9edfed0",
                            "enable_dns_hostnames": "true",
                            "enable_dns_support": "true",
                            "id": "vpc-275dea4f",
                            "instance_tenancy": "default",
                            "main_route_table_id": "rtb-dc2a48b4",
                            "tags.%": "1",
                            "tags.Name": "Terraform vpc"
                        },
                        "meta": {
                            "schema_version": "1"
                        },
                        "tainted": false
                    },
                    "deposed": [],
                    "provider": "provider.aws"
                },
                "data.aws_availability_zones.available": {
                    "type": "aws_availability_zones",
                    "depends_on": [],
                    "primary": {
                        "id": "2018-02-16 09:00:31.8336082 +0000 UTC",
                        "attributes": {
                            "id": "2018-02-16 09:00:31.8336082 +0000 UTC",
                            "names.#": "3",
                            "names.0": "us-east-2a",
                            "names.1": "us-east-2b",
                            "names.2": "us-east-2c"
                        },
                        "meta": {},
                        "tainted": false
                    },
                    "deposed": [],
                    "provider": "provider.aws"
                }
            },
            "depends_on": []
        }
    ]
}
